
Microsoft Visual Studio Solution File, Format Version 12.00
# Visual Studio 15
VisualStudioVersion = 15.0.27428.1
MinimumVisualStudioVersion = 10.0.40219.1
Project("{FAE04EC0-301F-11D3-BF4B-00C04F79EFBC}") = "LeksCompilator", "LeksCompilator\LeksCompilator.csproj", "{91727BDA-3440-418D-9174-BF331B87B3B3}"
EndProject
Global
	GlobalSection(SolutionConfigurationPlatforms) = preSolution
		Debug|Any CPU = Debug|Any CPU
		Release|Any CPU = Release|Any CPU
	EndGlobalSection
	GlobalSection(ProjectConfigurationPlatforms) = postSolution
		{91727BDA-3440-418D-9174-BF331B87B3B3}.Debug|Any CPU.ActiveCfg = Debug|Any CPU
		{91727BDA-3440-418D-9174-BF331B87B3B3}.Debug|Any CPU.Build.0 = Debug|Any CPU
		{91727BDA-3440-418D-9174-BF331B87B3B3}.Release|Any CPU.ActiveCfg = Release|Any CPU
		{91727BDA-3440-418D-9174-BF331B87B3B3}.Release|Any CPU.Build.0 = Release|Any CPU
	EndGlobalSection
	GlobalSection(SolutionProperties) = preSolution
		HideSolutionNode = FALSE
	EndGlobalSection
	GlobalSection(ExtensibilityGlobals) = postSolution
		SolutionGuid = {E72246F1-D79B-42A2-B016-01862C9DF0EE}
	EndGlobalSection
EndGlobal
